
Microsoft Visual Studio Solution File, Format Version 12.00
# Visual Studio Version 17
VisualStudioVersion = 17.6.33829.357
MinimumVisualStudioVersion = 10.0.40219.1
Project("{FAE04EC0-301F-11D3-BF4B-00C04F79EFBC}") = "RetailAppServer", "RetailAppServer\RetailAppServer.csproj", "{5A8546C1-968A-4AAF-BF93-0DC50484B442}"
EndProject
Global
	GlobalSection(SolutionConfigurationPlatforms) = preSolution
		Debug|Any CPU = Debug|Any CPU
		Release|Any CPU = Release|Any CPU
	EndGlobalSection
	GlobalSection(ProjectConfigurationPlatforms) = postSolution
		{5A8546C1-968A-4AAF-BF93-0DC50484B442}.Debug|Any CPU.ActiveCfg = Debug|Any CPU
		{5A8546C1-968A-4AAF-BF93-0DC50484B442}.Debug|Any CPU.Build.0 = Debug|Any CPU
		{5A8546C1-968A-4AAF-BF93-0DC50484B442}.Release|Any CPU.ActiveCfg = Release|Any CPU
		{5A8546C1-968A-4AAF-BF93-0DC50484B442}.Release|Any CPU.Build.0 = Release|Any CPU
	EndGlobalSection
	GlobalSection(SolutionProperties) = preSolution
		HideSolutionNode = FALSE
	EndGlobalSection
	GlobalSection(ExtensibilityGlobals) = postSolution
		SolutionGuid = {278F5F90-0EFF-445F-B895-7E465B36DE73}
	EndGlobalSection
EndGlobal
